
Microsoft Visual Studio Solution File, Format Version 12.00
# Visual Studio Version 17
VisualStudioVersion = 17.5.33530.505
MinimumVisualStudioVersion = 10.0.40219.1
Project("{FAE04EC0-301F-11D3-BF4B-00C04F79EFBC}") = "Bt_Demtu", "Bt_Demtu\Bt_Demtu.csproj", "{FF4288B8-0BED-4062-AD7E-EE4B2B82DB11}"
EndProject
Global
	GlobalSection(SolutionConfigurationPlatforms) = preSolution
		Debug|Any CPU = Debug|Any CPU
		Release|Any CPU = Release|Any CPU
	EndGlobalSection
	GlobalSection(ProjectConfigurationPlatforms) = postSolution
		{FF4288B8-0BED-4062-AD7E-EE4B2B82DB11}.Debug|Any CPU.ActiveCfg = Debug|Any CPU
		{FF4288B8-0BED-4062-AD7E-EE4B2B82DB11}.Debug|Any CPU.Build.0 = Debug|Any CPU
		{FF4288B8-0BED-4062-AD7E-EE4B2B82DB11}.Release|Any CPU.ActiveCfg = Release|Any CPU
		{FF4288B8-0BED-4062-AD7E-EE4B2B82DB11}.Release|Any CPU.Build.0 = Release|Any CPU
	EndGlobalSection
	GlobalSection(SolutionProperties) = preSolution
		HideSolutionNode = FALSE
	EndGlobalSection
	GlobalSection(ExtensibilityGlobals) = postSolution
		SolutionGuid = {12BE1057-A776-4215-B4E9-240FF29BBBA5}
	EndGlobalSection
EndGlobal
