
Microsoft Visual Studio Solution File, Format Version 12.00
# Visual Studio Version 17
VisualStudioVersion = 17.5.33530.505
MinimumVisualStudioVersion = 10.0.40219.1
Project("{FAE04EC0-301F-11D3-BF4B-00C04F79EFBC}") = "Bt1_GeometryExample", "GeometryExample\Bt1_GeometryExample.csproj", "{7FB91DD7-41C4-46FC-A3B9-D783F75591CB}"
EndProject
Global
	GlobalSection(SolutionConfigurationPlatforms) = preSolution
		Debug|Any CPU = Debug|Any CPU
		Release|Any CPU = Release|Any CPU
	EndGlobalSection
	GlobalSection(ProjectConfigurationPlatforms) = postSolution
		{7FB91DD7-41C4-46FC-A3B9-D783F75591CB}.Debug|Any CPU.ActiveCfg = Debug|Any CPU
		{7FB91DD7-41C4-46FC-A3B9-D783F75591CB}.Debug|Any CPU.Build.0 = Debug|Any CPU
		{7FB91DD7-41C4-46FC-A3B9-D783F75591CB}.Release|Any CPU.ActiveCfg = Release|Any CPU
		{7FB91DD7-41C4-46FC-A3B9-D783F75591CB}.Release|Any CPU.Build.0 = Release|Any CPU
	EndGlobalSection
	GlobalSection(SolutionProperties) = preSolution
		HideSolutionNode = FALSE
	EndGlobalSection
	GlobalSection(ExtensibilityGlobals) = postSolution
		SolutionGuid = {42C28A1F-7008-4972-87B6-E393C2BBD5AE}
	EndGlobalSection
EndGlobal
