
Microsoft Visual Studio Solution File, Format Version 12.00
# Visual Studio Version 17
VisualStudioVersion = 17.5.33530.505
MinimumVisualStudioVersion = 10.0.40219.1
Project("{FAE04EC0-301F-11D3-BF4B-00C04F79EFBC}") = "bt2_Interface", "bt2_Interface\bt2_Interface.csproj", "{ED426C02-7FB5-4BE8-B99A-B3DF30A5A1DC}"
EndProject
Global
	GlobalSection(SolutionConfigurationPlatforms) = preSolution
		Debug|Any CPU = Debug|Any CPU
		Release|Any CPU = Release|Any CPU
	EndGlobalSection
	GlobalSection(ProjectConfigurationPlatforms) = postSolution
		{ED426C02-7FB5-4BE8-B99A-B3DF30A5A1DC}.Debug|Any CPU.ActiveCfg = Debug|Any CPU
		{ED426C02-7FB5-4BE8-B99A-B3DF30A5A1DC}.Debug|Any CPU.Build.0 = Debug|Any CPU
		{ED426C02-7FB5-4BE8-B99A-B3DF30A5A1DC}.Release|Any CPU.ActiveCfg = Release|Any CPU
		{ED426C02-7FB5-4BE8-B99A-B3DF30A5A1DC}.Release|Any CPU.Build.0 = Release|Any CPU
	EndGlobalSection
	GlobalSection(SolutionProperties) = preSolution
		HideSolutionNode = FALSE
	EndGlobalSection
	GlobalSection(ExtensibilityGlobals) = postSolution
		SolutionGuid = {79E48692-6616-4E85-B169-7C1B831263B4}
	EndGlobalSection
EndGlobal
